
Microsoft Visual Studio Solution File, Format Version 12.00
# Visual Studio Version 17
VisualStudioVersion = 17.8.34316.72
MinimumVisualStudioVersion = 10.0.40219.1
Project("{FAE04EC0-301F-11D3-BF4B-00C04F79EFBC}") = "programowanie_wielowatkowe", "programowanie_wielowatkowe\programowanie_wielowatkowe.csproj", "{EA12DAE8-659A-4599-B9A4-71617EC2BC66}"
EndProject
Global
	GlobalSection(SolutionConfigurationPlatforms) = preSolution
		Debug|Any CPU = Debug|Any CPU
		Release|Any CPU = Release|Any CPU
	EndGlobalSection
	GlobalSection(ProjectConfigurationPlatforms) = postSolution
		{EA12DAE8-659A-4599-B9A4-71617EC2BC66}.Debug|Any CPU.ActiveCfg = Debug|Any CPU
		{EA12DAE8-659A-4599-B9A4-71617EC2BC66}.Debug|Any CPU.Build.0 = Debug|Any CPU
		{EA12DAE8-659A-4599-B9A4-71617EC2BC66}.Release|Any CPU.ActiveCfg = Release|Any CPU
		{EA12DAE8-659A-4599-B9A4-71617EC2BC66}.Release|Any CPU.Build.0 = Release|Any CPU
	EndGlobalSection
	GlobalSection(SolutionProperties) = preSolution
		HideSolutionNode = FALSE
	EndGlobalSection
	GlobalSection(ExtensibilityGlobals) = postSolution
		SolutionGuid = {25E66984-5FC2-4B2F-98B2-F010DEF7CE4B}
	EndGlobalSection
EndGlobal
